
Microsoft Visual Studio Solution File, Format Version 12.00
# Visual Studio 14
VisualStudioVersion = 14.0.23107.0
MinimumVisualStudioVersion = 10.0.40219.1
Project("{FAE04EC0-301F-11D3-BF4B-00C04F79EFBC}") = "BlaBlaRunProject.WebUI", "BlaBlaRunProject\BlaBlaRunProject.WebUI.csproj", "{EB1E658E-04C5-4AF5-962F-ADA32F717459}"
EndProject
Project("{FAE04EC0-301F-11D3-BF4B-00C04F79EFBC}") = "BlaBlaRunProject.Domain", "BlaBlaRunProject.Domain\BlaBlaRunProject.Domain.csproj", "{B8523D81-8B9F-4309-BE8E-338710B44D8C}"
EndProject
Project("{FAE04EC0-301F-11D3-BF4B-00C04F79EFBC}") = "BlaBlaRunProject.Tests", "BlaBlaRunProject.Tests\BlaBlaRunProject.Tests.csproj", "{8147D67C-C366-4668-BA13-07A02DADB066}"
EndProject
Project("{FAE04EC0-301F-11D3-BF4B-00C04F79EFBC}") = "BlaBlaRunProject.DataAccess", "BlaBlaRunProject.DataAccess\BlaBlaRunProject.DataAccess.csproj", "{3F63E4D4-C2C8-4C0E-B7E2-E03FA294CE87}"
EndProject
Global
	GlobalSection(SolutionConfigurationPlatforms) = preSolution
		Debug|Any CPU = Debug|Any CPU
		Release|Any CPU = Release|Any CPU
	EndGlobalSection
	GlobalSection(ProjectConfigurationPlatforms) = postSolution
		{EB1E658E-04C5-4AF5-962F-ADA32F717459}.Debug|Any CPU.ActiveCfg = Debug|Any CPU
		{EB1E658E-04C5-4AF5-962F-ADA32F717459}.Debug|Any CPU.Build.0 = Debug|Any CPU
		{EB1E658E-04C5-4AF5-962F-ADA32F717459}.Release|Any CPU.ActiveCfg = Release|Any CPU
		{EB1E658E-04C5-4AF5-962F-ADA32F717459}.Release|Any CPU.Build.0 = Release|Any CPU
		{B8523D81-8B9F-4309-BE8E-338710B44D8C}.Debug|Any CPU.ActiveCfg = Debug|Any CPU
		{B8523D81-8B9F-4309-BE8E-338710B44D8C}.Debug|Any CPU.Build.0 = Debug|Any CPU
		{B8523D81-8B9F-4309-BE8E-338710B44D8C}.Release|Any CPU.ActiveCfg = Release|Any CPU
		{B8523D81-8B9F-4309-BE8E-338710B44D8C}.Release|Any CPU.Build.0 = Release|Any CPU
		{8147D67C-C366-4668-BA13-07A02DADB066}.Debug|Any CPU.ActiveCfg = Debug|Any CPU
		{8147D67C-C366-4668-BA13-07A02DADB066}.Debug|Any CPU.Build.0 = Debug|Any CPU
		{8147D67C-C366-4668-BA13-07A02DADB066}.Release|Any CPU.ActiveCfg = Release|Any CPU
		{8147D67C-C366-4668-BA13-07A02DADB066}.Release|Any CPU.Build.0 = Release|Any CPU
		{3F63E4D4-C2C8-4C0E-B7E2-E03FA294CE87}.Debug|Any CPU.ActiveCfg = Debug|Any CPU
		{3F63E4D4-C2C8-4C0E-B7E2-E03FA294CE87}.Debug|Any CPU.Build.0 = Debug|Any CPU
		{3F63E4D4-C2C8-4C0E-B7E2-E03FA294CE87}.Release|Any CPU.ActiveCfg = Release|Any CPU
		{3F63E4D4-C2C8-4C0E-B7E2-E03FA294CE87}.Release|Any CPU.Build.0 = Release|Any CPU
	EndGlobalSection
	GlobalSection(SolutionProperties) = preSolution
		HideSolutionNode = FALSE
	EndGlobalSection
EndGlobal
